{
  "name": "@typescript-package/listeners",
  "version": "0.0.1",
  "lockfileVersion": 3,
  "requires": true,
  "packages": {
    "": {
      "name": "@typescript-package/listeners",
      "version": "0.0.1",
      "funding": [
        {
          "type": "stripe",
          "url": "https://donate.stripe.com/dR614hfDZcJE3wAcMM"
        },
        {
          "type": "individual",
          "url": "https://checkout.revolut.com/pay/048b10a3-0e10-42c8-a917-e3e9cb4c8e29"
        }
      ],
      "license": "MIT",
      "peerDependencies": {
        "@typedly/listeners": "^3.0.0",
        "@typescript-package/collection": "^1.0.0"
      }
    },
    "node_modules/@typedly/collection": {
      "version": "5.0.0",
      "resolved": "https://registry.npmjs.org/@typedly/collection/-/collection-5.0.0.tgz",
      "integrity": "sha512-ykL77h7ALVnsFuSrUHGGdZtFAmphHOW6vHbEaryldfQxqK8gzqjP4IMrGVGciUK3dnJb9Fi/SXg+hpWKmeUmcA==",
      "funding": [
        {
          "type": "stripe",
          "url": "https://donate.stripe.com/dR614hfDZcJE3wAcMM"
        },
        {
          "type": "revolut",
          "url": "https://checkout.revolut.com/pay/048b10a3-0e10-42c8-a917-e3e9cb4c8e29"
        }
      ],
      "license": "MIT",
      "peer": true,
      "peerDependencies": {
        "@typedly/data": "^4.0.0"
      }
    },
    "node_modules/@typedly/constructor": {
      "version": "1.0.0",
      "resolved": "https://registry.npmjs.org/@typedly/constructor/-/constructor-1.0.0.tgz",
      "integrity": "sha512-MFww4huWIfRpPjr2Gz001XKdYzfTe3tW94+EzXKwhiqnwrPApOazpjM5NG8GYP9etKUlmAqVIFEc0xclSwfRDg==",
      "funding": [
        {
          "type": "stripe",
          "url": "https://donate.stripe.com/dR614hfDZcJE3wAcMM"
        },
        {
          "type": "revolut",
          "url": "https://checkout.revolut.com/pay/048b10a3-0e10-42c8-a917-e3e9cb4c8e29"
        }
      ],
      "license": "MIT",
      "peer": true
    },
    "node_modules/@typedly/data": {
      "version": "4.0.0",
      "resolved": "https://registry.npmjs.org/@typedly/data/-/data-4.0.0.tgz",
      "integrity": "sha512-k6Ol+4WgrN+RWKNQzfXX6Tn90XGTp1taPFCrFVoKNQ6JEK+DZzTODFx3eEBV2zX51BJ3wuLeUX6LB1VlNOTd0g==",
      "funding": [
        {
          "type": "stripe",
          "url": "https://donate.stripe.com/dR614hfDZcJE3wAcMM"
        },
        {
          "type": "revolut",
          "url": "https://checkout.revolut.com/pay/048b10a3-0e10-42c8-a917-e3e9cb4c8e29"
        }
      ],
      "license": "MIT",
      "peer": true,
      "peerDependencies": {
        "@typedly/constructor": "^1.0.0"
      }
    },
    "node_modules/@typedly/listeners": {
      "version": "3.0.0",
      "resolved": "https://registry.npmjs.org/@typedly/listeners/-/listeners-3.0.0.tgz",
      "integrity": "sha512-167SzTRkDHQjR7KLmeW5NPjXJSMz9zf7LrVjnwCvLwu+3DsralJ3OwJBFZv+kaf7lVvQKE00ngo8YcdRPY8icA==",
      "funding": [
        {
          "type": "stripe",
          "url": "https://donate.stripe.com/dR614hfDZcJE3wAcMM"
        },
        {
          "type": "revolut",
          "url": "https://checkout.revolut.com/pay/048b10a3-0e10-42c8-a917-e3e9cb4c8e29"
        }
      ],
      "license": "MIT",
      "peer": true,
      "peerDependencies": {
        "@typedly/collection": "^5.0.0"
      }
    },
    "node_modules/@typescript-package/collection": {
      "version": "1.0.0",
      "resolved": "https://registry.npmjs.org/@typescript-package/collection/-/collection-1.0.0.tgz",
      "integrity": "sha512-xApXdWPbJjmxGQDb/DuR4nyN8s8BebKghN+cREezgcYr5KEZ6dtwY3QJ7zfFc+kKyeelSuyNfaQ2xkGAXXbD3w==",
      "funding": [
        {
          "type": "stripe",
          "url": "https://donate.stripe.com/dR614hfDZcJE3wAcMM"
        },
        {
          "type": "Donorbox",
          "url": "https://donorbox.org/become-a-sponsor-to-the-angular-package?default_interval=o"
        },
        {
          "type": "Open Collective",
          "url": "https://opencollective.com/sterblack"
        },
        {
          "type": "Ko-fi",
          "url": "https://ko-fi.com/sterblack"
        },
        {
          "type": "4Fund",
          "url": "https://4fund.com/bruubs"
        },
        {
          "type": "paypal",
          "url": "https://paypal.me/sterblack"
        },
        {
          "type": "individual",
          "url": "https://checkout.revolut.com/pay/048b10a3-0e10-42c8-a917-e3e9cb4c8e29"
        }
      ],
      "license": "MIT",
      "peer": true,
      "peerDependencies": {
        "@typedly/collection": "^5.0.0",
        "@typescript-package/data": "^8.0.0"
      }
    },
    "node_modules/@typescript-package/data": {
      "version": "8.0.0",
      "resolved": "https://registry.npmjs.org/@typescript-package/data/-/data-8.0.0.tgz",
      "integrity": "sha512-9fYiCSqn7I5MGdgBzgGgRLdlUYhKhqBfK8+6+gPSsKo3m39dfWTd4Ig2c3am5iByTPWxYEZxADiETffrG2qIyg==",
      "funding": [
        {
          "type": "stripe",
          "url": "https://donate.stripe.com/dR614hfDZcJE3wAcMM"
        },
        {
          "type": "individual",
          "url": "https://checkout.revolut.com/pay/048b10a3-0e10-42c8-a917-e3e9cb4c8e29"
        }
      ],
      "license": "MIT",
      "peer": true,
      "peerDependencies": {
        "@typedly/data": "^4.0.0"
      }
    }
  }
}
